
Microsoft Visual Studio Solution File, Format Version 12.00
# Visual Studio Version 16
VisualStudioVersion = 16.0.31321.278
MinimumVisualStudioVersion = 10.0.40219.1
Project("{FAE04EC0-301F-11D3-BF4B-00C04F79EFBC}") = "1-PrimeiroProjeto", "1-PrimeiroProjeto\1-PrimeiroProjeto.csproj", "{18B32344-B340-46BF-808B-A3E6F7615C51}"
EndProject
Project("{FAE04EC0-301F-11D3-BF4B-00C04F79EFBC}") = "2-CriandoVariaveis", "2-CriandoVariaveis\2-CriandoVariaveis.csproj", "{F5CD6CB1-628F-4FDB-A5B2-3527F323D4A8}"
EndProject
Project("{FAE04EC0-301F-11D3-BF4B-00C04F79EFBC}") = "3-CriandoVariaveisPontoFlutuante", "3-CriandoVariaveisPontoFlutuante\3-CriandoVariaveisPontoFlutuante.csproj", "{0B5CAE4B-30D3-4D6F-B816-E025572D39D3}"
EndProject
Project("{FAE04EC0-301F-11D3-BF4B-00C04F79EFBC}") = "4-ConversoesEOutrosTiposNumericos", "4-ConversoesEOutrosTiposNumericos\4-ConversoesEOutrosTiposNumericos.csproj", "{5224579C-14C7-48EC-BEAF-28F1242D85AF}"
EndProject
Project("{FAE04EC0-301F-11D3-BF4B-00C04F79EFBC}") = "5-CaracteresETextos", "5-CaracteresETextos\5-CaracteresETextos.csproj", "{5E482449-BAE4-4B24-93C3-93904DDCA34B}"
EndProject
Project("{FAE04EC0-301F-11D3-BF4B-00C04F79EFBC}") = "Teste", "Teste\Teste.csproj", "{82F223A1-D61B-45DA-AE7B-7505B1C85D45}"
EndProject
Project("{FAE04EC0-301F-11D3-BF4B-00C04F79EFBC}") = "desafio1", "desafio1\desafio1.csproj", "{A539676C-178D-40E3-BBFE-3B540F8C3853}"
EndProject
Project("{FAE04EC0-301F-11D3-BF4B-00C04F79EFBC}") = "desafio2", "desafio2\desafio2.csproj", "{2EB04E2F-8A6E-4993-9527-1F96AC324683}"
EndProject
Global
	GlobalSection(SolutionConfigurationPlatforms) = preSolution
		Debug|Any CPU = Debug|Any CPU
		Release|Any CPU = Release|Any CPU
	EndGlobalSection
	GlobalSection(ProjectConfigurationPlatforms) = postSolution
		{18B32344-B340-46BF-808B-A3E6F7615C51}.Debug|Any CPU.ActiveCfg = Debug|Any CPU
		{18B32344-B340-46BF-808B-A3E6F7615C51}.Debug|Any CPU.Build.0 = Debug|Any CPU
		{18B32344-B340-46BF-808B-A3E6F7615C51}.Release|Any CPU.ActiveCfg = Release|Any CPU
		{18B32344-B340-46BF-808B-A3E6F7615C51}.Release|Any CPU.Build.0 = Release|Any CPU
		{F5CD6CB1-628F-4FDB-A5B2-3527F323D4A8}.Debug|Any CPU.ActiveCfg = Debug|Any CPU
		{F5CD6CB1-628F-4FDB-A5B2-3527F323D4A8}.Debug|Any CPU.Build.0 = Debug|Any CPU
		{F5CD6CB1-628F-4FDB-A5B2-3527F323D4A8}.Release|Any CPU.ActiveCfg = Release|Any CPU
		{F5CD6CB1-628F-4FDB-A5B2-3527F323D4A8}.Release|Any CPU.Build.0 = Release|Any CPU
		{0B5CAE4B-30D3-4D6F-B816-E025572D39D3}.Debug|Any CPU.ActiveCfg = Debug|Any CPU
		{0B5CAE4B-30D3-4D6F-B816-E025572D39D3}.Debug|Any CPU.Build.0 = Debug|Any CPU
		{0B5CAE4B-30D3-4D6F-B816-E025572D39D3}.Release|Any CPU.ActiveCfg = Release|Any CPU
		{0B5CAE4B-30D3-4D6F-B816-E025572D39D3}.Release|Any CPU.Build.0 = Release|Any CPU
		{5224579C-14C7-48EC-BEAF-28F1242D85AF}.Debug|Any CPU.ActiveCfg = Debug|Any CPU
		{5224579C-14C7-48EC-BEAF-28F1242D85AF}.Debug|Any CPU.Build.0 = Debug|Any CPU
		{5224579C-14C7-48EC-BEAF-28F1242D85AF}.Release|Any CPU.ActiveCfg = Release|Any CPU
		{5224579C-14C7-48EC-BEAF-28F1242D85AF}.Release|Any CPU.Build.0 = Release|Any CPU
		{5E482449-BAE4-4B24-93C3-93904DDCA34B}.Debug|Any CPU.ActiveCfg = Debug|Any CPU
		{5E482449-BAE4-4B24-93C3-93904DDCA34B}.Debug|Any CPU.Build.0 = Debug|Any CPU
		{5E482449-BAE4-4B24-93C3-93904DDCA34B}.Release|Any CPU.ActiveCfg = Release|Any CPU
		{5E482449-BAE4-4B24-93C3-93904DDCA34B}.Release|Any CPU.Build.0 = Release|Any CPU
		{82F223A1-D61B-45DA-AE7B-7505B1C85D45}.Debug|Any CPU.ActiveCfg = Debug|Any CPU
		{82F223A1-D61B-45DA-AE7B-7505B1C85D45}.Debug|Any CPU.Build.0 = Debug|Any CPU
		{82F223A1-D61B-45DA-AE7B-7505B1C85D45}.Release|Any CPU.ActiveCfg = Release|Any CPU
		{82F223A1-D61B-45DA-AE7B-7505B1C85D45}.Release|Any CPU.Build.0 = Release|Any CPU
		{A539676C-178D-40E3-BBFE-3B540F8C3853}.Debug|Any CPU.ActiveCfg = Debug|Any CPU
		{A539676C-178D-40E3-BBFE-3B540F8C3853}.Debug|Any CPU.Build.0 = Debug|Any CPU
		{A539676C-178D-40E3-BBFE-3B540F8C3853}.Release|Any CPU.ActiveCfg = Release|Any CPU
		{A539676C-178D-40E3-BBFE-3B540F8C3853}.Release|Any CPU.Build.0 = Release|Any CPU
		{2EB04E2F-8A6E-4993-9527-1F96AC324683}.Debug|Any CPU.ActiveCfg = Debug|Any CPU
		{2EB04E2F-8A6E-4993-9527-1F96AC324683}.Debug|Any CPU.Build.0 = Debug|Any CPU
		{2EB04E2F-8A6E-4993-9527-1F96AC324683}.Release|Any CPU.ActiveCfg = Release|Any CPU
		{2EB04E2F-8A6E-4993-9527-1F96AC324683}.Release|Any CPU.Build.0 = Release|Any CPU
	EndGlobalSection
	GlobalSection(SolutionProperties) = preSolution
		HideSolutionNode = FALSE
	EndGlobalSection
	GlobalSection(ExtensibilityGlobals) = postSolution
		SolutionGuid = {9EC8D00A-20F2-46B8-9ED7-A12F5A66782D}
	EndGlobalSection
EndGlobal
